
Microsoft Visual Studio Solution File, Format Version 12.00
# Visual Studio Version 17
VisualStudioVersion = 17.5.33530.505
MinimumVisualStudioVersion = 10.0.40219.1
Project("{FAE04EC0-301F-11D3-BF4B-00C04F79EFBC}") = "Pop", "Pop.csproj", "{363A0755-8A6F-4958-82B5-02CD5721F18C}"
EndProject
Global
	GlobalSection(SolutionConfigurationPlatforms) = preSolution
		Debug|Any CPU = Debug|Any CPU
		Release|Any CPU = Release|Any CPU
	EndGlobalSection
	GlobalSection(ProjectConfigurationPlatforms) = postSolution
		{363A0755-8A6F-4958-82B5-02CD5721F18C}.Debug|Any CPU.ActiveCfg = Debug|Any CPU
		{363A0755-8A6F-4958-82B5-02CD5721F18C}.Debug|Any CPU.Build.0 = Debug|Any CPU
		{363A0755-8A6F-4958-82B5-02CD5721F18C}.Release|Any CPU.ActiveCfg = Release|Any CPU
		{363A0755-8A6F-4958-82B5-02CD5721F18C}.Release|Any CPU.Build.0 = Release|Any CPU
	EndGlobalSection
	GlobalSection(SolutionProperties) = preSolution
		HideSolutionNode = FALSE
	EndGlobalSection
	GlobalSection(ExtensibilityGlobals) = postSolution
		SolutionGuid = {550A3881-76CA-4FAF-9641-D014308EDBB8}
	EndGlobalSection
EndGlobal
